github.com/fredyk/westack-go/v2/lambdas v0.0.0-20250526112648-4564fcf12f92 h1:alZavTwnFp480xI/gysI70ThigXDj/JvR0zRB0ojkdA=
github.com/fredyk/westack-go/v2/lambdas v0.0.0-20250526112648-4564fcf12f92/go.mod h1:fhCqS94tYYxFHm08YBJMF6VapbKXI5RxDr1n4Mlzcd4=
github.com/goccy/go-json v0.10.4 h1:JSwxQzIqKfmFX1swYPpUThQZp/Ka4wzJdK0LWVytLPM=
github.com/goccy/go-json v0.10.4/go.mod h1:oq7eo15ShAhp70Anwd5lgX2pLfOS3QCiwU/PULtXL6M=
